
Microsoft Visual Studio Solution File, Format Version 12.00
# Visual Studio 2013
VisualStudioVersion = 12.0.30501.0
MinimumVisualStudioVersion = 10.0.40219.1
Project("{FAE04EC0-301F-11D3-BF4B-00C04F79EFBC}") = "Blitzy", "Blitzy\Blitzy.csproj", "{82E328EB-8B53-4D67-B7DF-639A8EC1B92E}"
EndProject
Project("{2150E333-8FDC-42A3-9474-1A3956D46DE8}") = ".build", ".build", "{FDEC4A38-A36D-4F15-822F-0C5FF812BCBE}"
	ProjectSection(SolutionItems) = preProject
		Build.proj = Build.proj
		.build\MSBuild.Community.Tasks.dll = .build\MSBuild.Community.Tasks.dll
		.build\MSBuild.Community.Tasks.targets = .build\MSBuild.Community.Tasks.targets
	EndProjectSection
EndProject
Project("{FAE04EC0-301F-11D3-BF4B-00C04F79EFBC}") = "Blitzy.Tests", "Blitzy.Tests\Blitzy.Tests.csproj", "{CD0469A9-A35A-4DDD-BB67-9A3B58D8DCB3}"
EndProject
Project("{2150E333-8FDC-42A3-9474-1A3956D46DE8}") = "Tests", "Tests", "{D77692FA-632A-4D00-B39A-19D42A05AB77}"
EndProject
Project("{2150E333-8FDC-42A3-9474-1A3956D46DE8}") = "scripts", "scripts", "{FAB1AE4A-E62A-403B-9C64-90172B524A16}"
	ProjectSection(SolutionItems) = preProject
		bumpVersion.bat = bumpVersion.bat
		release.msbuild = release.msbuild
		tests.runsettings = tests.runsettings
	EndProjectSection
EndProject
Project("{FAE04EC0-301F-11D3-BF4B-00C04F79EFBC}") = "btbapi", "btbapi\btbapi\btbapi.csproj", "{F656EA31-9755-4188-B662-02BEACC5652F}"
EndProject
Project("{FAE04EC0-301F-11D3-BF4B-00C04F79EFBC}") = "btbapi.tests", "btbapi\btbapi.tests\btbapi.tests.csproj", "{796F25A5-2CC8-4DE8-80E6-2B239569AED0}"
EndProject
Project("{FAE04EC0-301F-11D3-BF4B-00C04F79EFBC}") = "ReleaseHelper", "ReleaseHelper\ReleaseHelper.csproj", "{D0BFFEB0-A806-4572-B362-8EC6D57249B3}"
EndProject
Project("{2150E333-8FDC-42A3-9474-1A3956D46DE8}") = "Documentation", "Documentation", "{18D197C5-C406-4487-A311-905A1A453F6F}"
	ProjectSection(SolutionItems) = preProject
		Documentation\DeveloperGuide.html = Documentation\DeveloperGuide.html
		Documentation\UserGuide.html = Documentation\UserGuide.html
	EndProjectSection
EndProject
Global
	GlobalSection(SolutionConfigurationPlatforms) = preSolution
		Debug|Any CPU = Debug|Any CPU
		Release|Any CPU = Release|Any CPU
	EndGlobalSection
	GlobalSection(ProjectConfigurationPlatforms) = postSolution
		{82E328EB-8B53-4D67-B7DF-639A8EC1B92E}.Debug|Any CPU.ActiveCfg = Debug|Any CPU
		{82E328EB-8B53-4D67-B7DF-639A8EC1B92E}.Debug|Any CPU.Build.0 = Debug|Any CPU
		{82E328EB-8B53-4D67-B7DF-639A8EC1B92E}.Release|Any CPU.ActiveCfg = Release|Any CPU
		{82E328EB-8B53-4D67-B7DF-639A8EC1B92E}.Release|Any CPU.Build.0 = Release|Any CPU
		{CD0469A9-A35A-4DDD-BB67-9A3B58D8DCB3}.Debug|Any CPU.ActiveCfg = Debug|Any CPU
		{CD0469A9-A35A-4DDD-BB67-9A3B58D8DCB3}.Debug|Any CPU.Build.0 = Debug|Any CPU
		{CD0469A9-A35A-4DDD-BB67-9A3B58D8DCB3}.Release|Any CPU.ActiveCfg = Release|Any CPU
		{CD0469A9-A35A-4DDD-BB67-9A3B58D8DCB3}.Release|Any CPU.Build.0 = Release|Any CPU
		{F656EA31-9755-4188-B662-02BEACC5652F}.Debug|Any CPU.ActiveCfg = Debug|Any CPU
		{F656EA31-9755-4188-B662-02BEACC5652F}.Debug|Any CPU.Build.0 = Debug|Any CPU
		{F656EA31-9755-4188-B662-02BEACC5652F}.Release|Any CPU.ActiveCfg = Release|Any CPU
		{F656EA31-9755-4188-B662-02BEACC5652F}.Release|Any CPU.Build.0 = Release|Any CPU
		{796F25A5-2CC8-4DE8-80E6-2B239569AED0}.Debug|Any CPU.ActiveCfg = Debug|Any CPU
		{796F25A5-2CC8-4DE8-80E6-2B239569AED0}.Debug|Any CPU.Build.0 = Debug|Any CPU
		{796F25A5-2CC8-4DE8-80E6-2B239569AED0}.Release|Any CPU.ActiveCfg = Release|Any CPU
		{796F25A5-2CC8-4DE8-80E6-2B239569AED0}.Release|Any CPU.Build.0 = Release|Any CPU
		{D0BFFEB0-A806-4572-B362-8EC6D57249B3}.Debug|Any CPU.ActiveCfg = Debug|Any CPU
		{D0BFFEB0-A806-4572-B362-8EC6D57249B3}.Debug|Any CPU.Build.0 = Debug|Any CPU
		{D0BFFEB0-A806-4572-B362-8EC6D57249B3}.Release|Any CPU.ActiveCfg = Release|Any CPU
		{D0BFFEB0-A806-4572-B362-8EC6D57249B3}.Release|Any CPU.Build.0 = Release|Any CPU
	EndGlobalSection
	GlobalSection(SolutionProperties) = preSolution
		HideSolutionNode = FALSE
	EndGlobalSection
	GlobalSection(NestedProjects) = preSolution
		{CD0469A9-A35A-4DDD-BB67-9A3B58D8DCB3} = {D77692FA-632A-4D00-B39A-19D42A05AB77}
		{796F25A5-2CC8-4DE8-80E6-2B239569AED0} = {D77692FA-632A-4D00-B39A-19D42A05AB77}
	EndGlobalSection
EndGlobal
