
Microsoft Visual Studio Solution File, Format Version 12.00
# Visual Studio 2013
VisualStudioVersion = 12.0.30110.0
MinimumVisualStudioVersion = 10.0.40219.1
Project("{FAE04EC0-301F-11D3-BF4B-00C04F79EFBC}") = "Blitzy", "Blitzy\Blitzy.csproj", "{82E328EB-8B53-4D67-B7DF-639A8EC1B92E}"
EndProject
Project("{2150E333-8FDC-42A3-9474-1A3956D46DE8}") = ".build", ".build", "{FDEC4A38-A36D-4F15-822F-0C5FF812BCBE}"
	ProjectSection(SolutionItems) = preProject
		Build.proj = Build.proj
		.build\MSBuild.Community.Tasks.dll = .build\MSBuild.Community.Tasks.dll
		.build\MSBuild.Community.Tasks.targets = .build\MSBuild.Community.Tasks.targets
	EndProjectSection
EndProject
Project("{FAE04EC0-301F-11D3-BF4B-00C04F79EFBC}") = "Blitzy.Tests", "Blitzy.Tests\Blitzy.Tests.csproj", "{CD0469A9-A35A-4DDD-BB67-9A3B58D8DCB3}"
EndProject
Project("{FAE04EC0-301F-11D3-BF4B-00C04F79EFBC}") = "NotifyIconWpf", "NotifyIconWpf\NotifyIconWpf.csproj", "{7AC63864-7638-41C4-969C-D3197EF2BED9}"
EndProject
Project("{2150E333-8FDC-42A3-9474-1A3956D46DE8}") = "Libs", "Libs", "{0513F73D-A344-4A6E-9B50-30240D18B104}"
EndProject
Project("{2150E333-8FDC-42A3-9474-1A3956D46DE8}") = "Tests", "Tests", "{D77692FA-632A-4D00-B39A-19D42A05AB77}"
EndProject
Project("{2150E333-8FDC-42A3-9474-1A3956D46DE8}") = "scripts", "scripts", "{FAB1AE4A-E62A-403B-9C64-90172B524A16}"
	ProjectSection(SolutionItems) = preProject
		release.msbuild = release.msbuild
	EndProjectSection
EndProject
Global
	GlobalSection(SubversionScc) = preSolution
		Svn-Managed = True
		Manager = AnkhSVN - Subversion Support for Visual Studio
	EndGlobalSection
	GlobalSection(SolutionConfigurationPlatforms) = preSolution
		Debug|Any CPU = Debug|Any CPU
		Release|Any CPU = Release|Any CPU
	EndGlobalSection
	GlobalSection(ProjectConfigurationPlatforms) = postSolution
		{82E328EB-8B53-4D67-B7DF-639A8EC1B92E}.Debug|Any CPU.ActiveCfg = Debug|Any CPU
		{82E328EB-8B53-4D67-B7DF-639A8EC1B92E}.Debug|Any CPU.Build.0 = Debug|Any CPU
		{82E328EB-8B53-4D67-B7DF-639A8EC1B92E}.Release|Any CPU.ActiveCfg = Release|Any CPU
		{82E328EB-8B53-4D67-B7DF-639A8EC1B92E}.Release|Any CPU.Build.0 = Release|Any CPU
		{CD0469A9-A35A-4DDD-BB67-9A3B58D8DCB3}.Debug|Any CPU.ActiveCfg = Debug|Any CPU
		{CD0469A9-A35A-4DDD-BB67-9A3B58D8DCB3}.Debug|Any CPU.Build.0 = Debug|Any CPU
		{CD0469A9-A35A-4DDD-BB67-9A3B58D8DCB3}.Release|Any CPU.ActiveCfg = Release|Any CPU
		{CD0469A9-A35A-4DDD-BB67-9A3B58D8DCB3}.Release|Any CPU.Build.0 = Release|Any CPU
		{7AC63864-7638-41C4-969C-D3197EF2BED9}.Debug|Any CPU.ActiveCfg = Debug|Any CPU
		{7AC63864-7638-41C4-969C-D3197EF2BED9}.Debug|Any CPU.Build.0 = Debug|Any CPU
		{7AC63864-7638-41C4-969C-D3197EF2BED9}.Release|Any CPU.ActiveCfg = Release|Any CPU
		{7AC63864-7638-41C4-969C-D3197EF2BED9}.Release|Any CPU.Build.0 = Release|Any CPU
	EndGlobalSection
	GlobalSection(SolutionProperties) = preSolution
		HideSolutionNode = FALSE
	EndGlobalSection
	GlobalSection(NestedProjects) = preSolution
		{7AC63864-7638-41C4-969C-D3197EF2BED9} = {0513F73D-A344-4A6E-9B50-30240D18B104}
		{CD0469A9-A35A-4DDD-BB67-9A3B58D8DCB3} = {D77692FA-632A-4D00-B39A-19D42A05AB77}
	EndGlobalSection
EndGlobal
